
Microsoft Visual Studio Solution File, Format Version 12.00
# Visual Studio Version 17
VisualStudioVersion = 17.2.32317.152
MinimumVisualStudioVersion = 10.0.40219.1
Project("{9A19103F-16F7-4668-BE54-9A1E7A4F7556}") = "Aeroverra.StreamDeck.Client", "Aeroverra.StreamDeck.Client\Aeroverra.StreamDeck.Client.csproj", "{5C5329EC-2E3A-4F39-9D77-CE02814A73DF}"
EndProject
Global
	GlobalSection(SolutionConfigurationPlatforms) = preSolution
		Debug|Any CPU = Debug|Any CPU
		Release|Any CPU = Release|Any CPU
	EndGlobalSection
	GlobalSection(ProjectConfigurationPlatforms) = postSolution
		{5C5329EC-2E3A-4F39-9D77-CE02814A73DF}.Debug|Any CPU.ActiveCfg = Debug|Any CPU
		{5C5329EC-2E3A-4F39-9D77-CE02814A73DF}.Debug|Any CPU.Build.0 = Debug|Any CPU
		{5C5329EC-2E3A-4F39-9D77-CE02814A73DF}.Release|Any CPU.ActiveCfg = Release|Any CPU
		{5C5329EC-2E3A-4F39-9D77-CE02814A73DF}.Release|Any CPU.Build.0 = Release|Any CPU
	EndGlobalSection
	GlobalSection(SolutionProperties) = preSolution
		HideSolutionNode = FALSE
	EndGlobalSection
	GlobalSection(ExtensibilityGlobals) = postSolution
		SolutionGuid = {11077A90-9D99-4CE3-B639-B3D7050DEF44}
	EndGlobalSection
EndGlobal
